
Microsoft Visual Studio Solution File, Format Version 12.00
# Visual Studio Version 17
VisualStudioVersion = 17.9.34714.143
MinimumVisualStudioVersion = 10.0.40219.1
Project("{FAE04EC0-301F-11D3-BF4B-00C04F79EFBC}") = "EcoMods", "EcoMods.csproj", "{64A12053-D376-4BD5-9AF9-37D41E52EFA9}"
EndProject
Global
	GlobalSection(SolutionConfigurationPlatforms) = preSolution
		Debug|Any CPU = Debug|Any CPU
		Release|Any CPU = Release|Any CPU
	EndGlobalSection
	GlobalSection(ProjectConfigurationPlatforms) = postSolution
		{64A12053-D376-4BD5-9AF9-37D41E52EFA9}.Debug|Any CPU.ActiveCfg = Debug|Any CPU
		{64A12053-D376-4BD5-9AF9-37D41E52EFA9}.Debug|Any CPU.Build.0 = Debug|Any CPU
		{64A12053-D376-4BD5-9AF9-37D41E52EFA9}.Release|Any CPU.ActiveCfg = Release|Any CPU
		{64A12053-D376-4BD5-9AF9-37D41E52EFA9}.Release|Any CPU.Build.0 = Release|Any CPU
	EndGlobalSection
	GlobalSection(SolutionProperties) = preSolution
		HideSolutionNode = FALSE
	EndGlobalSection
	GlobalSection(ExtensibilityGlobals) = postSolution
		SolutionGuid = {4D9EBF43-7A99-4015-A504-6A9A0E3B199A}
	EndGlobalSection
EndGlobal
